Microsoft Visual Studio Solution File, Format Version 11.00
# Visual Studio 2008

Project("{8815242E-2383-2809-55C0-C934F9811D97}") = "PixelRoad", "Assembly-CSharp-firstpass-vs.csproj", "{124064FF-3114-98E4-475A-115B6C5F5228}"
EndProject
Project("{8815242E-2383-2809-55C0-C934F9811D97}") = "PixelRoad", "Assembly-CSharp-vs.csproj", "{6667714B-32E0-E42D-5E2A-57E715868419}"
EndProject
Global
	GlobalSection(SolutionConfigurationPlatforms) = preSolution
		Debug|Any CPU = Debug|Any CPU
		Release|Any CPU = Release|Any CPU
	EndGlobalSection
	GlobalSection(ProjectConfigurationPlatforms) = postSolution
		{124064FF-3114-98E4-475A-115B6C5F5228}.Debug|Any CPU.ActiveCfg = Debug|Any CPU
		{124064FF-3114-98E4-475A-115B6C5F5228}.Debug|Any CPU.Build.0 = Debug|Any CPU
		{124064FF-3114-98E4-475A-115B6C5F5228}.Release|Any CPU.ActiveCfg = Release|Any CPU
		{124064FF-3114-98E4-475A-115B6C5F5228}.Release|Any CPU.Build.0 = Release|Any CPU
		{6667714B-32E0-E42D-5E2A-57E715868419}.Debug|Any CPU.ActiveCfg = Debug|Any CPU
		{6667714B-32E0-E42D-5E2A-57E715868419}.Debug|Any CPU.Build.0 = Debug|Any CPU
		{6667714B-32E0-E42D-5E2A-57E715868419}.Release|Any CPU.ActiveCfg = Release|Any CPU
		{6667714B-32E0-E42D-5E2A-57E715868419}.Release|Any CPU.Build.0 = Release|Any CPU
	EndGlobalSection
	GlobalSection(SolutionProperties) = preSolution
		HideSolutionNode = FALSE
	EndGlobalSection
																																																																																																																																																																																										GlobalSection(MonoDevelopProperties) = preSolution
		StartupItem = Assembly-CSharp.csproj
		Policies = $0
		$0.TextStylePolicy = $1
		$1.inheritsSet = null
		$1.scope = text/x-csharp
		$0.CSharpFormattingPolicy = $2
		$2.inheritsSet = Mono
		$2.inheritsScope = text/x-csharp
		$2.scope = text/x-csharp
		$0.TextStylePolicy = $3
		$3.FileWidth = 120
		$3.TabWidth = 4
		$3.EolMarker = Unix
		$3.inheritsSet = Mono
		$3.inheritsScope = text/plain
		$3.scope = text/plain
	EndGlobalSection

EndGlobal
